{
  "name": "ang_project",
  "lockfileVersion": 3,
  "requires": true,
  "packages": {
    "": {
      "dependencies": {
        "@angular/common": "^18.1.4",
        "@angular/core": "^18.1.4",
        "@angular/forms": "^18.1.4",
        "@angular/platform-browser": "^18.1.4",
        "@angular/platform-browser-dynamic": "^18.1.4"
      }
    },
    "node_modules/@angular/common": {
      "version": "18.1.4",
      "resolved": "https://registry.npmjs.org/@angular/common/-/common-18.1.4.tgz",
      "integrity": "sha512-No4lCrL80WlAGg0DAyuPW+jsfA6EIQ06CFrRgt3R6YFrKbIuU0NKUt+D8IB7UNgTLNYXmurxapNf8jef8rq1wg==",
      "dependencies": {
        "tslib": "^2.3.0"
      },
      "engines": {
        "node": "^18.19.1 || ^20.11.1 || >=22.0.0"
      },
      "peerDependencies": {
        "@angular/core": "18.1.4",
        "rxjs": "^6.5.3 || ^7.4.0"
      }
    },
    "node_modules/@angular/core": {
      "version": "18.1.4",
      "resolved": "https://registry.npmjs.org/@angular/core/-/core-18.1.4.tgz",
      "integrity": "sha512-+N3oWYFubT3GdCkBfD/CmH4DGjr/fGFQZChWbph2ZuPpK7JYNgfyvXS4SjLtdL4WTjjBevBTgR70GyLH/5EbKA==",
      "dependencies": {
        "tslib": "^2.3.0"
      },
      "engines": {
        "node": "^18.19.1 || ^20.11.1 || >=22.0.0"
      },
      "peerDependencies": {
        "rxjs": "^6.5.3 || ^7.4.0",
        "zone.js": "~0.14.0"
      }
    },
    "node_modules/@angular/forms": {
      "version": "18.1.4",
      "resolved": "https://registry.npmjs.org/@angular/forms/-/forms-18.1.4.tgz",
      "integrity": "sha512-PYaQ7/2toAwgJWIznVWgJAd3l8mjAreilGOVIMbBIaotL/EHRQjhlikitJEFDGXeVUarY/rm3IlLWBYnLyliyg==",
      "dependencies": {
        "tslib": "^2.3.0"
      },
      "engines": {
        "node": "^18.19.1 || ^20.11.1 || >=22.0.0"
      },
      "peerDependencies": {
        "@angular/common": "18.1.4",
        "@angular/core": "18.1.4",
        "@angular/platform-browser": "18.1.4",
        "rxjs": "^6.5.3 || ^7.4.0"
      }
    },
    "node_modules/@angular/platform-browser": {
      "version": "18.1.4",
      "resolved": "https://registry.npmjs.org/@angular/platform-browser/-/platform-browser-18.1.4.tgz",
      "integrity": "sha512-zGx33St0JVYT8EZOaf0s8Twr0RgfU2cqEAc9Wwx9HVJ0pF5y4VnftK3pewwiHWDHkPfiJy0jBKbtrkVUSbgZfg==",
      "dependencies": {
        "tslib": "^2.3.0"
      },
      "engines": {
        "node": "^18.19.1 || ^20.11.1 || >=22.0.0"
      },
      "peerDependencies": {
        "@angular/animations": "18.1.4",
        "@angular/common": "18.1.4",
        "@angular/core": "18.1.4"
      },
      "peerDependenciesMeta": {
        "@angular/animations": {
          "optional": true
        }
      }
    },
    "node_modules/@angular/platform-browser-dynamic": {
      "version": "18.1.4",
      "resolved": "https://registry.npmjs.org/@angular/platform-browser-dynamic/-/platform-browser-dynamic-18.1.4.tgz",
      "integrity": "sha512-ZQQcKXGIriOzILTZxIbmDpGnwuiwfJ0xh2EmmnfC0zh/NB+li6whgplOLEciaHgsUKtDn7kNZFn2vKrx+B/cDQ==",
      "dependencies": {
        "tslib": "^2.3.0"
      },
      "engines": {
        "node": "^18.19.1 || ^20.11.1 || >=22.0.0"
      },
      "peerDependencies": {
        "@angular/common": "18.1.4",
        "@angular/compiler": "18.1.4",
        "@angular/core": "18.1.4",
        "@angular/platform-browser": "18.1.4"
      }
    },
    "node_modules/tslib": {
      "version": "2.6.3",
      "resolved": "https://registry.npmjs.org/tslib/-/tslib-2.6.3.tgz",
      "integrity": "sha512-xNvxJEOUiWPGhUuUdQgAJPKOOJfGnIyKySOc09XkKsgdUV/3E2zvwZYdejjmRgPCgcym1juLH3226yA7sEFJKQ=="
    }
  }
}
